{
	"name": "lastajneuxronoj",
	"version": "1.0.0",
	"lockfileVersion": 3,
	"requires": true,
	"packages": {
		"": {
			"name": "lastajneuxronoj",
			"version": "1.0.0",
			"license": "ISC",
			"dependencies": {
				"@twemoji/api": "^17.0.3",
				"dotenv": "^16.6.1",
				"katex": "^0.17.0",
				"marked": "^18.0.5"
			}
		},
		"node_modules/@twemoji/api": {
			"version": "17.0.3",
			"resolved": "https://registry.npmjs.org/@twemoji/api/-/api-17.0.3.tgz",
			"integrity": "sha512-iwERjxY0QgPGVwT6b1OKG0Oa9nIfHhJw+Ij1TapTBMKTvVCU6qdXPXX/XKwxKx5QZIJW5GwELUCtw8wlaIQ2ug==",
			"license": "MIT AND CC-BY-4.0",
			"dependencies": {
				"@twemoji/parser": "17.0.2",
				"fs-extra": "^8.0.1",
				"jsonfile": "^5.0.0",
				"universalify": "^0.1.2"
			}
		},
		"node_modules/@twemoji/parser": {
			"version": "17.0.2",
			"resolved": "https://registry.npmjs.org/@twemoji/parser/-/parser-17.0.2.tgz",
			"integrity": "sha512-X/P7pHsGOxnrupQYUVetIeuxBGgffFu8CLwoPMMjH9CWmQvlXiCpbTW/BXxMOCWXQojgHdmgdvm6IsCqAQ5nxA==",
			"license": "MIT"
		},
		"node_modules/commander": {
			"version": "8.3.0",
			"resolved": "https://registry.npmjs.org/commander/-/commander-8.3.0.tgz",
			"integrity": "sha512-OkTL9umf+He2DZkUq8f8J9of7yL6RJKI24dVITBmNfZBmri9zYZQrKkuXiKhyfPSu8tUhnVBB1iKXevvnlR4Ww==",
			"license": "MIT",
			"engines": {
				"node": ">= 12"
			}
		},
		"node_modules/dotenv": {
			"version": "16.6.1",
			"resolved": "https://registry.npmjs.org/dotenv/-/dotenv-16.6.1.tgz",
			"integrity": "sha512-uBq4egWHTcTt33a72vpSG0z3HnPuIl6NqYcTrKEg2azoEyl2hpW0zqlxysq2pK9HlDIHyHyakeYaYnSAwd8bow==",
			"license": "BSD-2-Clause",
			"engines": {
				"node": ">=12"
			},
			"funding": {
				"url": "https://dotenvx.com"
			}
		},
		"node_modules/fs-extra": {
			"version": "8.1.0",
			"resolved": "https://registry.npmjs.org/fs-extra/-/fs-extra-8.1.0.tgz",
			"integrity": "sha512-yhlQgA6mnOJUKOsRUFsgJdQCvkKhcz8tlZG5HBQfReYZy46OwLcY+Zia0mtdHsOo9y/hP+CxMN0TU9QxoOtG4g==",
			"license": "MIT",
			"dependencies": {
				"graceful-fs": "^4.2.0",
				"jsonfile": "^4.0.0",
				"universalify": "^0.1.0"
			},
			"engines": {
				"node": ">=6 <7 || >=8"
			}
		},
		"node_modules/fs-extra/node_modules/jsonfile": {
			"version": "4.0.0",
			"resolved": "https://registry.npmjs.org/jsonfile/-/jsonfile-4.0.0.tgz",
			"integrity": "sha512-m6F1R3z8jjlf2imQHS2Qez5sjKWQzbuuhuJ/FKYFRZvPE3PuHcSMVZzfsLhGVOkfd20obL5SWEBew5ShlquNxg==",
			"license": "MIT",
			"optionalDependencies": {
				"graceful-fs": "^4.1.6"
			}
		},
		"node_modules/graceful-fs": {
			"version": "4.2.11",
			"resolved": "https://registry.npmjs.org/graceful-fs/-/graceful-fs-4.2.11.tgz",
			"integrity": "sha512-RbJ5/jmFcNNCcDV5o9eTnBLJ/HszWV0P73bc+Ff4nS/rJj+YaS6IGyiOL0VoBYX+l1Wrl3k63h/KrH+nhJ0XvQ==",
			"license": "ISC"
		},
		"node_modules/jsonfile": {
			"version": "5.0.0",
			"resolved": "https://registry.npmjs.org/jsonfile/-/jsonfile-5.0.0.tgz",
			"integrity": "sha512-NQRZ5CRo74MhMMC3/3r5g2k4fjodJ/wh8MxjFbCViWKFjxrnudWSY5vomh+23ZaXzAS7J3fBZIR2dV6WbmfM0w==",
			"license": "MIT",
			"dependencies": {
				"universalify": "^0.1.2"
			},
			"optionalDependencies": {
				"graceful-fs": "^4.1.6"
			}
		},
		"node_modules/katex": {
			"version": "0.17.0",
			"resolved": "https://registry.npmjs.org/katex/-/katex-0.17.0.tgz",
			"integrity": "sha512-Vdw0ATsQ9V+LuegM/BTwQqV/6cTl5lbGcIrU+BCgLxyf6bo38ybOr372tuSIxir3CN720flu1meYR6XzNMwQnw==",
			"funding": [
				"https://opencollective.com/katex",
				"https://github.com/sponsors/katex"
			],
			"license": "MIT",
			"dependencies": {
				"commander": "^8.3.0"
			},
			"bin": {
				"katex": "cli.js"
			}
		},
		"node_modules/marked": {
			"version": "18.0.5",
			"resolved": "https://registry.npmjs.org/marked/-/marked-18.0.5.tgz",
			"integrity": "sha512-S6GcvALHg6K4ohtu4E7x0a1AqhAjp6cV8KhLSyN9qVapnzJkusVBxZRcIU9AeYsbe6P1hKDusSbEOzGyyuce6w==",
			"license": "MIT",
			"bin": {
				"marked": "bin/marked.js"
			},
			"engines": {
				"node": ">= 20"
			}
		},
		"node_modules/universalify": {
			"version": "0.1.2",
			"resolved": "https://registry.npmjs.org/universalify/-/universalify-0.1.2.tgz",
			"integrity": "sha512-rBJeI5CXAlmy1pV+617WB9J63U6XcazHHF2f2dbJix4XzpUF0RS3Zbj0FGIOCAva5P/d/GBOYaACQ1w+0azUkg==",
			"license": "MIT",
			"engines": {
				"node": ">= 4.0.0"
			}
		}
	}
}
